
Microsoft Visual Studio Solution File, Format Version 12.00
# Visual Studio Version 17
VisualStudioVersion = 17.11.35327.3
MinimumVisualStudioVersion = 10.0.40219.1
Project("{FAE04EC0-301F-11D3-BF4B-00C04F79EFBC}") = "Assignment5_2_4", "Assignment5_2_4.csproj", "{5857F881-39A0-41CA-8839-4013329B1CFD}"
EndProject
Global
	GlobalSection(SolutionConfigurationPlatforms) = preSolution
		Debug|Any CPU = Debug|Any CPU
		Release|Any CPU = Release|Any CPU
	EndGlobalSection
	GlobalSection(ProjectConfigurationPlatforms) = postSolution
		{5857F881-39A0-41CA-8839-4013329B1CFD}.Debug|Any CPU.ActiveCfg = Debug|Any CPU
		{5857F881-39A0-41CA-8839-4013329B1CFD}.Debug|Any CPU.Build.0 = Debug|Any CPU
		{5857F881-39A0-41CA-8839-4013329B1CFD}.Release|Any CPU.ActiveCfg = Release|Any CPU
		{5857F881-39A0-41CA-8839-4013329B1CFD}.Release|Any CPU.Build.0 = Release|Any CPU
	EndGlobalSection
	GlobalSection(SolutionProperties) = preSolution
		HideSolutionNode = FALSE
	EndGlobalSection
	GlobalSection(ExtensibilityGlobals) = postSolution
		SolutionGuid = {F6D1526E-A53E-4BD6-A712-398B4DDB0884}
	EndGlobalSection
EndGlobal
